// !$*UTF8*$!
{
	archiveVersion = 1;
	classes = {
	};
	objectVersion = 56;
	objects = {

/* Begin PBXBuildFile section */
		D04D6A872980ED4600FD1C7C /* Preview Assets.xcassets in Resources */ = {isa = PBXBuildFile; fileRef = D04D6A862980ED4600FD1C7C /* Preview Assets.xcassets */; };
		D071D6432980B79F00DD7F10 /* FormTrainerApp.swift in Sources */ = {isa = PBXBuildFile; fileRef = D071D6422980B79F00DD7F10 /* FormTrainerApp.swift */; };
		D071D6472980B79F00DD7F10 /* Assets.xcassets in Resources */ = {isa = PBXBuildFile; fileRef = D071D6462980B79F00DD7F10 /* Assets.xcassets */; };
		D099AD142980C67400C0E625 /* FirebaseAuth in Frameworks */ = {isa = PBXBuildFile; productRef = D099AD132980C67400C0E625 /* FirebaseAuth */; };
		D099AD162980C67400C0E625 /* FirebaseFirestore in Frameworks */ = {isa = PBXBuildFile; productRef = D099AD152980C67400C0E625 /* FirebaseFirestore */; };
		D099AD182980C67400C0E625 /* FirebaseFirestoreSwift in Frameworks */ = {isa = PBXBuildFile; productRef = D099AD172980C67400C0E625 /* FirebaseFirestoreSwift */; };
		D099AD1A2980C67400C0E625 /* FirebaseStorage in Frameworks */ = {isa = PBXBuildFile; productRef = D099AD192980C67400C0E625 /* FirebaseStorage */; };
		D099AD432980C6BD00C0E625 /* LoginViewModel.swift in Sources */ = {isa = PBXBuildFile; fileRef = D099AD1D2980C6BB00C0E625 /* LoginViewModel.swift */; };
		D099AD442980C6BD00C0E625 /* SignUpViewModel.swift in Sources */ = {isa = PBXBuildFile; fileRef = D099AD1E2980C6BB00C0E625 /* SignUpViewModel.swift */; };
		D099AD452980C6BD00C0E625 /* StartViewModel.swift in Sources */ = {isa = PBXBuildFile; fileRef = D099AD1F2980C6BB00C0E625 /* StartViewModel.swift */; };
		D099AD462980C6BD00C0E625 /* ForgetViewModel.swift in Sources */ = {isa = PBXBuildFile; fileRef = D099AD202980C6BB00C0E625 /* ForgetViewModel.swift */; };
		D099AD472980C6BD00C0E625 /* StartView.swift in Sources */ = {isa = PBXBuildFile; fileRef = D099AD212980C6BB00C0E625 /* StartView.swift */; };
		D099AD482980C6BD00C0E625 /* LoginView.swift in Sources */ = {isa = PBXBuildFile; fileRef = D099AD222980C6BB00C0E625 /* LoginView.swift */; };
		D099AD492980C6BD00C0E625 /* ForgetView.swift in Sources */ = {isa = PBXBuildFile; fileRef = D099AD232980C6BB00C0E625 /* ForgetView.swift */; };
		D099AD4A2980C6BD00C0E625 /* SignUpView.swift in Sources */ = {isa = PBXBuildFile; fileRef = D099AD242980C6BB00C0E625 /* SignUpView.swift */; };
		D099AD4B2980C6BD00C0E625 /* TrainingView.swift in Sources */ = {isa = PBXBuildFile; fileRef = D099AD252980C6BC00C0E625 /* TrainingView.swift */; };
		D099AD4C2980C6BD00C0E625 /* TrainingViewModel.swift in Sources */ = {isa = PBXBuildFile; fileRef = D099AD262980C6BC00C0E625 /* TrainingViewModel.swift */; };
		D099AD502980C6BD00C0E625 /* TrainingSettingViewModel.swift in Sources */ = {isa = PBXBuildFile; fileRef = D099AD2E2980C6BC00C0E625 /* TrainingSettingViewModel.swift */; };
		D099AD512980C6BD00C0E625 /* MenuViewModel.swift in Sources */ = {isa = PBXBuildFile; fileRef = D099AD2F2980C6BC00C0E625 /* MenuViewModel.swift */; };
		D099AD522980C6BD00C0E625 /* ImagePicker.swift in Sources */ = {isa = PBXBuildFile; fileRef = D099AD302980C6BC00C0E625 /* ImagePicker.swift */; };
		D099AD532980C6BD00C0E625 /* SettingViewModel.swift in Sources */ = {isa = PBXBuildFile; fileRef = D099AD312980C6BC00C0E625 /* SettingViewModel.swift */; };
		D099AD542980C6BD00C0E625 /* SideMenuViewModel.swift in Sources */ = {isa = PBXBuildFile; fileRef = D099AD322980C6BC00C0E625 /* SideMenuViewModel.swift */; };
		D099AD552980C6BD00C0E625 /* ChangeAccountModel.swift in Sources */ = {isa = PBXBuildFile; fileRef = D099AD332980C6BC00C0E625 /* ChangeAccountModel.swift */; };
		D099AD562980C6BD00C0E625 /* MainDataViewModel.swift in Sources */ = {isa = PBXBuildFile; fileRef = D099AD342980C6BC00C0E625 /* MainDataViewModel.swift */; };
		D099AD572980C6BD00C0E625 /* MuscleData.swift in Sources */ = {isa = PBXBuildFile; fileRef = D099AD362980C6BC00C0E625 /* MuscleData.swift */; };
		D099AD582980C6BD00C0E625 /* MissionView.swift in Sources */ = {isa = PBXBuildFile; fileRef = D099AD382980C6BC00C0E625 /* MissionView.swift */; };
		D099AD592980C6BD00C0E625 /* RecordGraph.swift in Sources */ = {isa = PBXBuildFile; fileRef = D099AD392980C6BC00C0E625 /* RecordGraph.swift */; };
		D099AD5A2980C6BD00C0E625 /* RecordView.swift in Sources */ = {isa = PBXBuildFile; fileRef = D099AD3A2980C6BC00C0E625 /* RecordView.swift */; };
		D099AD5B2980C6BD00C0E625 /* UserView.swift in Sources */ = {isa = PBXBuildFile; fileRef = D099AD3B2980C6BC00C0E625 /* UserView.swift */; };
		D099AD5C2980C6BD00C0E625 /* TrainingSettingView.swift in Sources */ = {isa = PBXBuildFile; fileRef = D099AD3C2980C6BC00C0E625 /* TrainingSettingView.swift */; };
		D099AD5D2980C6BD00C0E625 /* SideMenuView.swift in Sources */ = {isa = PBXBuildFile; fileRef = D099AD3D2980C6BC00C0E625 /* SideMenuView.swift */; };
		D099AD5E2980C6BD00C0E625 /* ChangeAccount.swift in Sources */ = {isa = PBXBuildFile; fileRef = D099AD3E2980C6BC00C0E625 /* ChangeAccount.swift */; };
		D099AD5F2980C6BD00C0E625 /* MainDataView.swift in Sources */ = {isa = PBXBuildFile; fileRef = D099AD3F2980C6BC00C0E625 /* MainDataView.swift */; };
		D099AD602980C6BD00C0E625 /* SettingView.swift in Sources */ = {isa = PBXBuildFile; fileRef = D099AD402980C6BC00C0E625 /* SettingView.swift */; };
		D099AD612980C6BD00C0E625 /* MenuView.swift in Sources */ = {isa = PBXBuildFile; fileRef = D099AD412980C6BC00C0E625 /* MenuView.swift */; };
		D099AD622980C6BD00C0E625 /* SubDataView.swift in Sources */ = {isa = PBXBuildFile; fileRef = D099AD422980C6BC00C0E625 /* SubDataView.swift */; };
		D099AD642980C79700C0E625 /* GoogleService-Info.plist in Resources */ = {isa = PBXBuildFile; fileRef = D099AD632980C79700C0E625 /* GoogleService-Info.plist */; };
		D0DE57F8298C8A4D0055DCA9 /* InitialView.swift in Sources */ = {isa = PBXBuildFile; fileRef = D0DE57F7298C8A4C0055DCA9 /* InitialView.swift */; };
		D0DE57FA298C9CE40055DCA9 /* InitialViewModel.swift in Sources */ = {isa = PBXBuildFile; fileRef = D0DE57F9298C9CE40055DCA9 /* InitialViewModel.swift */; };
/* End PBXBuildFile section */

/* Begin PBXFileReference section */
		D04D6A862980ED4600FD1C7C /* Preview Assets.xcassets */ = {isa = PBXFileReference; lastKnownFileType = folder.assetcatalog; path = "Preview Assets.xcassets"; sourceTree = "<group>"; };
		D071D63F2980B79F00DD7F10 /* FormTrainer.app */ = {isa = PBXFileReference; explicitFileType = wrapper.application; includeInIndex = 0; path = FormTrainer.app; sourceTree = BUILT_PRODUCTS_DIR; };
		D071D6422980B79F00DD7F10 /* FormTrainerApp.swift */ = {isa = PBXFileReference; lastKnownFileType = sourcecode.swift; path = FormTrainerApp.swift; sourceTree = "<group>"; };
		D071D6462980B79F00DD7F10 /* Assets.xcassets */ = {isa = PBXFileReference; lastKnownFileType = folder.assetcatalog; path = Assets.xcassets; sourceTree = "<group>"; };
		D099AD1D2980C6BB00C0E625 /* LoginViewModel.swift */ = {isa = PBXFileReference; fileEncoding = 4; lastKnownFileType = sourcecode.swift; path = LoginViewModel.swift; sourceTree = "<group>"; };
		D099AD1E2980C6BB00C0E625 /* SignUpViewModel.swift */ = {isa = PBXFileReference; fileEncoding = 4; lastKnownFileType = sourcecode.swift; path = SignUpViewModel.swift; sourceTree = "<group>"; };
		D099AD1F2980C6BB00C0E625 /* StartViewModel.swift */ = {isa = PBXFileReference; fileEncoding = 4; lastKnownFileType = sourcecode.swift; path = StartViewModel.swift; sourceTree = "<group>"; };
		D099AD202980C6BB00C0E625 /* ForgetViewModel.swift */ = {isa = PBXFileReference; fileEncoding = 4; lastKnownFileType = sourcecode.swift; path = ForgetViewModel.swift; sourceTree = "<group>"; };
		D099AD212980C6BB00C0E625 /* StartView.swift */ = {isa = PBXFileReference; fileEncoding = 4; lastKnownFileType = sourcecode.swift; path = StartView.swift; sourceTree = "<group>"; };
		D099AD222980C6BB00C0E625 /* LoginView.swift */ = {isa = PBXFileReference; fileEncoding = 4; lastKnownFileType = sourcecode.swift; path = LoginView.swift; sourceTree = "<group>"; };
		D099AD232980C6BB00C0E625 /* ForgetView.swift */ = {isa = PBXFileReference; fileEncoding = 4; lastKnownFileType = sourcecode.swift; path = ForgetView.swift; sourceTree = "<group>"; };
		D099AD242980C6BB00C0E625 /* SignUpView.swift */ = {isa = PBXFileReference; fileEncoding = 4; lastKnownFileType = sourcecode.swift; path = SignUpView.swift; sourceTree = "<group>"; };
		D099AD252980C6BC00C0E625 /* TrainingView.swift */ = {isa = PBXFileReference; fileEncoding = 4; lastKnownFileType = sourcecode.swift; name = TrainingView.swift; path = FormTrainer/TrainingView.swift; sourceTree = SOURCE_ROOT; };
		D099AD262980C6BC00C0E625 /* TrainingViewModel.swift */ = {isa = PBXFileReference; fileEncoding = 4; lastKnownFileType = sourcecode.swift; name = TrainingViewModel.swift; path = FormTrainer/TrainingViewModel.swift; sourceTree = SOURCE_ROOT; };
		D099AD2E2980C6BC00C0E625 /* TrainingSettingViewModel.swift */ = {isa = PBXFileReference; fileEncoding = 4; lastKnownFileType = sourcecode.swift; path = TrainingSettingViewModel.swift; sourceTree = "<group>"; };
		D099AD2F2980C6BC00C0E625 /* MenuViewModel.swift */ = {isa = PBXFileReference; fileEncoding = 4; lastKnownFileType = sourcecode.swift; path = MenuViewModel.swift; sourceTree = "<group>"; };
		D099AD302980C6BC00C0E625 /* ImagePicker.swift */ = {isa = PBXFileReference; fileEncoding = 4; lastKnownFileType = sourcecode.swift; path = ImagePicker.swift; sourceTree = "<group>"; };
		D099AD312980C6BC00C0E625 /* SettingViewModel.swift */ = {isa = PBXFileReference; fileEncoding = 4; lastKnownFileType = sourcecode.swift; path = SettingViewModel.swift; sourceTree = "<group>"; };
		D099AD322980C6BC00C0E625 /* SideMenuViewModel.swift */ = {isa = PBXFileReference; fileEncoding = 4; lastKnownFileType = sourcecode.swift; path = SideMenuViewModel.swift; sourceTree = "<group>"; };
		D099AD332980C6BC00C0E625 /* ChangeAccountModel.swift */ = {isa = PBXFileReference; fileEncoding = 4; lastKnownFileType = sourcecode.swift; path = ChangeAccountModel.swift; sourceTree = "<group>"; };
		D099AD342980C6BC00C0E625 /* MainDataViewModel.swift */ = {isa = PBXFileReference; fileEncoding = 4; lastKnownFileType = sourcecode.swift; path = MainDataViewModel.swift; sourceTree = "<group>"; };
		D099AD362980C6BC00C0E625 /* MuscleData.swift */ = {isa = PBXFileReference; fileEncoding = 4; lastKnownFileType = sourcecode.swift; path = MuscleData.swift; sourceTree = "<group>"; };
		D099AD382980C6BC00C0E625 /* MissionView.swift */ = {isa = PBXFileReference; fileEncoding = 4; lastKnownFileType = sourcecode.swift; path = MissionView.swift; sourceTree = "<group>"; };
		D099AD392980C6BC00C0E625 /* RecordGraph.swift */ = {isa = PBXFileReference; fileEncoding = 4; lastKnownFileType = sourcecode.swift; path = RecordGraph.swift; sourceTree = "<group>"; };
		D099AD3A2980C6BC00C0E625 /* RecordView.swift */ = {isa = PBXFileReference; fileEncoding = 4; lastKnownFileType = sourcecode.swift; path = RecordView.swift; sourceTree = "<group>"; };
		D099AD3B2980C6BC00C0E625 /* UserView.swift */ = {isa = PBXFileReference; fileEncoding = 4; lastKnownFileType = sourcecode.swift; path = UserView.swift; sourceTree = "<group>"; };
		D099AD3C2980C6BC00C0E625 /* TrainingSettingView.swift */ = {isa = PBXFileReference; fileEncoding = 4; lastKnownFileType = sourcecode.swift; path = TrainingSettingView.swift; sourceTree = "<group>"; };
		D099AD3D2980C6BC00C0E625 /* SideMenuView.swift */ = {isa = PBXFileReference; fileEncoding = 4; lastKnownFileType = sourcecode.swift; path = SideMenuView.swift; sourceTree = "<group>"; };
		D099AD3E2980C6BC00C0E625 /* ChangeAccount.swift */ = {isa = PBXFileReference; fileEncoding = 4; lastKnownFileType = sourcecode.swift; path = ChangeAccount.swift; sourceTree = "<group>"; };
		D099AD3F2980C6BC00C0E625 /* MainDataView.swift */ = {isa = PBXFileReference; fileEncoding = 4; lastKnownFileType = sourcecode.swift; path = MainDataView.swift; sourceTree = "<group>"; };
		D099AD402980C6BC00C0E625 /* SettingView.swift */ = {isa = PBXFileReference; fileEncoding = 4; lastKnownFileType = sourcecode.swift; path = SettingView.swift; sourceTree = "<group>"; };
		D099AD412980C6BC00C0E625 /* MenuView.swift */ = {isa = PBXFileReference; fileEncoding = 4; lastKnownFileType = sourcecode.swift; path = MenuView.swift; sourceTree = "<group>"; };
		D099AD422980C6BC00C0E625 /* SubDataView.swift */ = {isa = PBXFileReference; fileEncoding = 4; lastKnownFileType = sourcecode.swift; path = SubDataView.swift; sourceTree = "<group>"; };
		D099AD632980C79700C0E625 /* GoogleService-Info.plist */ = {isa = PBXFileReference; fileEncoding = 4; lastKnownFileType = text.plist.xml; path = "GoogleService-Info.plist"; sourceTree = "<group>"; };
		D099AD662980D25800C0E625 /* Info.plist */ = {isa = PBXFileReference; lastKnownFileType = text.plist; path = Info.plist; sourceTree = "<group>"; };
		D0DE57F7298C8A4C0055DCA9 /* InitialView.swift */ = {isa = PBXFileReference; lastKnownFileType = sourcecode.swift; path = InitialView.swift; sourceTree = "<group>"; };
		D0DE57F9298C9CE40055DCA9 /* InitialViewModel.swift */ = {isa = PBXFileReference; lastKnownFileType = sourcecode.swift; path = InitialViewModel.swift; sourceTree = "<group>"; };
/* End PBXFileReference section */

/* Begin PBXFrameworksBuildPhase section */
		D071D63C2980B79F00DD7F10 /* Frameworks */ = {
			isa = PBXFrameworksBuildPhase;
			buildActionMask = 2147483647;
			files = (
				D099AD142980C67400C0E625 /* FirebaseAuth in Frameworks */,
				D099AD1A2980C67400C0E625 /* FirebaseStorage in Frameworks */,
				D099AD162980C67400C0E625 /* FirebaseFirestore in Frameworks */,
				D099AD182980C67400C0E625 /* FirebaseFirestoreSwift in Frameworks */,
			);
			runOnlyForDeploymentPostprocessing = 0;
		};
/* End PBXFrameworksBuildPhase section */

/* Begin PBXGroup section */
		D04D6A852980ED4600FD1C7C /* Preview Content */ = {
			isa = PBXGroup;
			children = (
				D04D6A862980ED4600FD1C7C /* Preview Assets.xcassets */,
			);
			path = "Preview Content";
			sourceTree = "<group>";
		};
		D071D6362980B79F00DD7F10 = {
			isa = PBXGroup;
			children = (
				D071D6412980B79F00DD7F10 /* FormTrainer */,
				D099AD632980C79700C0E625 /* GoogleService-Info.plist */,
				D071D6402980B79F00DD7F10 /* Products */,
				D099AD122980C67400C0E625 /* Frameworks */,
			);
			sourceTree = "<group>";
		};
		D071D6402980B79F00DD7F10 /* Products */ = {
			isa = PBXGroup;
			children = (
				D071D63F2980B79F00DD7F10 /* FormTrainer.app */,
			);
			name = Products;
			sourceTree = "<group>";
		};
		D071D6412980B79F00DD7F10 /* FormTrainer */ = {
			isa = PBXGroup;
			children = (
				D071D6462980B79F00DD7F10 /* Assets.xcassets */,
				D071D6422980B79F00DD7F10 /* FormTrainerApp.swift */,
				D099AD662980D25800C0E625 /* Info.plist */,
				D099AD1B2980C6BB00C0E625 /* Login */,
				D099AD2C2980C6BC00C0E625 /* Other */,
				D099AD272980C6BC00C0E625 /* Training */,
				D04D6A852980ED4600FD1C7C /* Preview Content */,
			);
			path = FormTrainer;
			sourceTree = "<group>";
		};
		D099AD122980C67400C0E625 /* Frameworks */ = {
			isa = PBXGroup;
			children = (
			);
			name = Frameworks;
			sourceTree = "<group>";
		};
		D099AD1B2980C6BB00C0E625 /* Login */ = {
			isa = PBXGroup;
			children = (
				D099AD652980C7BD00C0E625 /* View */,
				D099AD1C2980C6BB00C0E625 /* ViewModel */,
			);
			path = Login;
			sourceTree = "<group>";
		};
		D099AD1C2980C6BB00C0E625 /* ViewModel */ = {
			isa = PBXGroup;
			children = (
				D099AD202980C6BB00C0E625 /* ForgetViewModel.swift */,
				D099AD1D2980C6BB00C0E625 /* LoginViewModel.swift */,
				D099AD1E2980C6BB00C0E625 /* SignUpViewModel.swift */,
				D099AD1F2980C6BB00C0E625 /* StartViewModel.swift */,
			);
			path = ViewModel;
			sourceTree = "<group>";
		};
		D099AD272980C6BC00C0E625 /* Training */ = {
			isa = PBXGroup;
			children = (
				D099AD252980C6BC00C0E625 /* TrainingView.swift */,
				D099AD262980C6BC00C0E625 /* TrainingViewModel.swift */,
			);
			path = Training;
			sourceTree = "<group>";
		};
		D099AD2C2980C6BC00C0E625 /* Other */ = {
			isa = PBXGroup;
			children = (
				D099AD352980C6BC00C0E625 /* Model */,
				D099AD372980C6BC00C0E625 /* View */,
				D099AD2D2980C6BC00C0E625 /* ViewModel */,
			);
			path = Other;
			sourceTree = "<group>";
		};
		D099AD2D2980C6BC00C0E625 /* ViewModel */ = {
			isa = PBXGroup;
			children = (
				D099AD332980C6BC00C0E625 /* ChangeAccountModel.swift */,
				D099AD302980C6BC00C0E625 /* ImagePicker.swift */,
				D0DE57F9298C9CE40055DCA9 /* InitialViewModel.swift */,
				D099AD342980C6BC00C0E625 /* MainDataViewModel.swift */,
				D099AD2F2980C6BC00C0E625 /* MenuViewModel.swift */,
				D099AD312980C6BC00C0E625 /* SettingViewModel.swift */,
				D099AD322980C6BC00C0E625 /* SideMenuViewModel.swift */,
				D099AD2E2980C6BC00C0E625 /* TrainingSettingViewModel.swift */,
			);
			path = ViewModel;
			sourceTree = "<group>";
		};
		D099AD352980C6BC00C0E625 /* Model */ = {
			isa = PBXGroup;
			children = (
				D099AD362980C6BC00C0E625 /* MuscleData.swift */,
			);
			path = Model;
			sourceTree = "<group>";
		};
		D099AD372980C6BC00C0E625 /* View */ = {
			isa = PBXGroup;
			children = (
				D099AD3E2980C6BC00C0E625 /* ChangeAccount.swift */,
				D0DE57F7298C8A4C0055DCA9 /* InitialView.swift */,
				D099AD3F2980C6BC00C0E625 /* MainDataView.swift */,
				D099AD412980C6BC00C0E625 /* MenuView.swift */,
				D099AD382980C6BC00C0E625 /* MissionView.swift */,
				D099AD392980C6BC00C0E625 /* RecordGraph.swift */,
				D099AD3A2980C6BC00C0E625 /* RecordView.swift */,
				D099AD402980C6BC00C0E625 /* SettingView.swift */,
				D099AD3D2980C6BC00C0E625 /* SideMenuView.swift */,
				D099AD422980C6BC00C0E625 /* SubDataView.swift */,
				D099AD3C2980C6BC00C0E625 /* TrainingSettingView.swift */,
				D099AD3B2980C6BC00C0E625 /* UserView.swift */,
			);
			path = View;
			sourceTree = "<group>";
		};
		D099AD652980C7BD00C0E625 /* View */ = {
			isa = PBXGroup;
			children = (
				D099AD232980C6BB00C0E625 /* ForgetView.swift */,
				D099AD222980C6BB00C0E625 /* LoginView.swift */,
				D099AD242980C6BB00C0E625 /* SignUpView.swift */,
				D099AD212980C6BB00C0E625 /* StartView.swift */,
			);
			path = View;
			sourceTree = "<group>";
		};
/* End PBXGroup section */

/* Begin PBXNativeTarget section */
		D071D63E2980B79F00DD7F10 /* FormTrainer */ = {
			isa = PBXNativeTarget;
			buildConfigurationList = D071D64D2980B79F00DD7F10 /* Build configuration list for PBXNativeTarget "FormTrainer" */;
			buildPhases = (
				D071D63B2980B79F00DD7F10 /* Sources */,
				D071D63C2980B79F00DD7F10 /* Frameworks */,
				D071D63D2980B79F00DD7F10 /* Resources */,
			);
			buildRules = (
			);
			dependencies = (
			);
			name = FormTrainer;
			packageProductDependencies = (
				D099AD132980C67400C0E625 /* FirebaseAuth */,
				D099AD152980C67400C0E625 /* FirebaseFirestore */,
				D099AD172980C67400C0E625 /* FirebaseFirestoreSwift */,
				D099AD192980C67400C0E625 /* FirebaseStorage */,
			);
			productName = FormTrainer;
			productReference = D071D63F2980B79F00DD7F10 /* FormTrainer.app */;
			productType = "com.apple.product-type.application";
		};
/* End PBXNativeTarget section */

/* Begin PBXProject section */
		D071D6372980B79F00DD7F10 /* Project object */ = {
			isa = PBXProject;
			attributes = {
				BuildIndependentTargetsInParallel = 1;
				LastSwiftUpdateCheck = 1420;
				LastUpgradeCheck = 1420;
				TargetAttributes = {
					D071D63E2980B79F00DD7F10 = {
						CreatedOnToolsVersion = 14.2;
					};
				};
			};
			buildConfigurationList = D071D63A2980B79F00DD7F10 /* Build configuration list for PBXProject "FormTrainer" */;
			compatibilityVersion = "Xcode 14.0";
			developmentRegion = en;
			hasScannedForEncodings = 0;
			knownRegions = (
				en,
				Base,
				ja,
			);
			mainGroup = D071D6362980B79F00DD7F10;
			packageReferences = (
				D099AD112980C5FE00C0E625 /* XCRemoteSwiftPackageReference "firebase-ios-sdk" */,
			);
			productRefGroup = D071D6402980B79F00DD7F10 /* Products */;
			projectDirPath = "";
			projectRoot = "";
			targets = (
				D071D63E2980B79F00DD7F10 /* FormTrainer */,
			);
		};
/* End PBXProject section */

/* Begin PBXResourcesBuildPhase section */
		D071D63D2980B79F00DD7F10 /* Resources */ = {
			isa = PBXResourcesBuildPhase;
			buildActionMask = 2147483647;
			files = (
				D071D6472980B79F00DD7F10 /* Assets.xcassets in Resources */,
				D04D6A872980ED4600FD1C7C /* Preview Assets.xcassets in Resources */,
				D099AD642980C79700C0E625 /* GoogleService-Info.plist in Resources */,
			);
			runOnlyForDeploymentPostprocessing = 0;
		};
/* End PBXResourcesBuildPhase section */

/* Begin PBXSourcesBuildPhase section */
		D071D63B2980B79F00DD7F10 /* Sources */ = {
			isa = PBXSourcesBuildPhase;
			buildActionMask = 2147483647;
			files = (
				D099AD452980C6BD00C0E625 /* StartViewModel.swift in Sources */,
				D099AD492980C6BD00C0E625 /* ForgetView.swift in Sources */,
				D099AD5E2980C6BD00C0E625 /* ChangeAccount.swift in Sources */,
				D099AD4C2980C6BD00C0E625 /* TrainingViewModel.swift in Sources */,
				D099AD602980C6BD00C0E625 /* SettingView.swift in Sources */,
				D099AD522980C6BD00C0E625 /* ImagePicker.swift in Sources */,
				D099AD4B2980C6BD00C0E625 /* TrainingView.swift in Sources */,
				D0DE57FA298C9CE40055DCA9 /* InitialViewModel.swift in Sources */,
				D099AD592980C6BD00C0E625 /* RecordGraph.swift in Sources */,
				D099AD622980C6BD00C0E625 /* SubDataView.swift in Sources */,
				D099AD462980C6BD00C0E625 /* ForgetViewModel.swift in Sources */,
				D099AD552980C6BD00C0E625 /* ChangeAccountModel.swift in Sources */,
				D099AD562980C6BD00C0E625 /* MainDataViewModel.swift in Sources */,
				D099AD542980C6BD00C0E625 /* SideMenuViewModel.swift in Sources */,
				D099AD5C2980C6BD00C0E625 /* TrainingSettingView.swift in Sources */,
				D099AD582980C6BD00C0E625 /* MissionView.swift in Sources */,
				D0DE57F8298C8A4D0055DCA9 /* InitialView.swift in Sources */,
				D099AD532980C6BD00C0E625 /* SettingViewModel.swift in Sources */,
				D071D6432980B79F00DD7F10 /* FormTrainerApp.swift in Sources */,
				D099AD442980C6BD00C0E625 /* SignUpViewModel.swift in Sources */,
				D099AD572980C6BD00C0E625 /* MuscleData.swift in Sources */,
				D099AD4A2980C6BD00C0E625 /* SignUpView.swift in Sources */,
				D099AD5F2980C6BD00C0E625 /* MainDataView.swift in Sources */,
				D099AD432980C6BD00C0E625 /* LoginViewModel.swift in Sources */,
				D099AD482980C6BD00C0E625 /* LoginView.swift in Sources */,
				D099AD612980C6BD00C0E625 /* MenuView.swift in Sources */,
				D099AD5D2980C6BD00C0E625 /* SideMenuView.swift in Sources */,
				D099AD472980C6BD00C0E625 /* StartView.swift in Sources */,
				D099AD502980C6BD00C0E625 /* TrainingSettingViewModel.swift in Sources */,
				D099AD5B2980C6BD00C0E625 /* UserView.swift in Sources */,
				D099AD5A2980C6BD00C0E625 /* RecordView.swift in Sources */,
				D099AD512980C6BD00C0E625 /* MenuViewModel.swift in Sources */,
			);
			runOnlyForDeploymentPostprocessing = 0;
		};
/* End PBXSourcesBuildPhase section */

/* Begin XCBuildConfiguration section */
		D071D64B2980B79F00DD7F10 /* Debug */ = {
			isa = XCBuildConfiguration;
			buildSettings = {
				ALWAYS_SEARCH_USER_PATHS = NO;
				CLANG_ANALYZER_NONNULL = YES;
				CLANG_ANALYZER_NUMBER_OBJECT_CONVERSION = YES_AGGRESSIVE;
				CLANG_CXX_LANGUAGE_STANDARD = "gnu++20";
				CLANG_ENABLE_MODULES = YES;
				CLANG_ENABLE_OBJC_ARC = YES;
				CLANG_ENABLE_OBJC_WEAK = YES;
				CLANG_WARN_BLOCK_CAPTURE_AUTORELEASING = YES;
				CLANG_WARN_BOOL_CONVERSION = YES;
				CLANG_WARN_COMMA = YES;
				CLANG_WARN_CONSTANT_CONVERSION = YES;
				CLANG_WARN_DEPRECATED_OBJC_IMPLEMENTATIONS = YES;
				CLANG_WARN_DIRECT_OBJC_ISA_USAGE = YES_ERROR;
				CLANG_WARN_DOCUMENTATION_COMMENTS = YES;
				CLANG_WARN_EMPTY_BODY = YES;
				CLANG_WARN_ENUM_CONVERSION = YES;
				CLANG_WARN_INFINITE_RECURSION = YES;
				CLANG_WARN_INT_CONVERSION = YES;
				CLANG_WARN_NON_LITERAL_NULL_CONVERSION = YES;
				CLANG_WARN_OBJC_IMPLICIT_RETAIN_SELF = YES;
				CLANG_WARN_OBJC_LITERAL_CONVERSION = YES;
				CLANG_WARN_OBJC_ROOT_CLASS = YES_ERROR;
				CLANG_WARN_QUOTED_INCLUDE_IN_FRAMEWORK_HEADER = YES;
				CLANG_WARN_RANGE_LOOP_ANALYSIS = YES;
				CLANG_WARN_STRICT_PROTOTYPES = YES;
				CLANG_WARN_SUSPICIOUS_MOVE = YES;
				CLANG_WARN_UNGUARDED_AVAILABILITY = YES_AGGRESSIVE;
				CLANG_WARN_UNREACHABLE_CODE = YES;
				CLANG_WARN__DUPLICATE_METHOD_MATCH = YES;
				COPY_PHASE_STRIP = NO;
				DEBUG_INFORMATION_FORMAT = dwarf;
				ENABLE_STRICT_OBJC_MSGSEND = YES;
				ENABLE_TESTABILITY = YES;
				GCC_C_LANGUAGE_STANDARD = gnu11;
				GCC_DYNAMIC_NO_PIC = NO;
				GCC_NO_COMMON_BLOCKS = YES;
				GCC_OPTIMIZATION_LEVEL = 0;
				GCC_PREPROCESSOR_DEFINITIONS = (
					"DEBUG=1",
					"$(inherited)",
				);
				GCC_WARN_64_TO_32_BIT_CONVERSION = YES;
				GCC_WARN_ABOUT_RETURN_TYPE = YES_ERROR;
				GCC_WARN_UNDECLARED_SELECTOR = YES;
				GCC_WARN_UNINITIALIZED_AUTOS = YES_AGGRESSIVE;
				GCC_WARN_UNUSED_FUNCTION = YES;
				GCC_WARN_UNUSED_VARIABLE = YES;
				IPHONEOS_DEPLOYMENT_TARGET = 16.2;
				MTL_ENABLE_DEBUG_INFO = INCLUDE_SOURCE;
				MTL_FAST_MATH = YES;
				ONLY_ACTIVE_ARCH = YES;
				SDKROOT = iphoneos;
				SWIFT_ACTIVE_COMPILATION_CONDITIONS = DEBUG;
				SWIFT_OPTIMIZATION_LEVEL = "-Onone";
			};
			name = Debug;
		};
		D071D64C2980B79F00DD7F10 /* Release */ = {
			isa = XCBuildConfiguration;
			buildSettings = {
				ALWAYS_SEARCH_USER_PATHS = NO;
				CLANG_ANALYZER_NONNULL = YES;
				CLANG_ANALYZER_NUMBER_OBJECT_CONVERSION = YES_AGGRESSIVE;
				CLANG_CXX_LANGUAGE_STANDARD = "gnu++20";
				CLANG_ENABLE_MODULES = YES;
				CLANG_ENABLE_OBJC_ARC = YES;
				CLANG_ENABLE_OBJC_WEAK = YES;
				CLANG_WARN_BLOCK_CAPTURE_AUTORELEASING = YES;
				CLANG_WARN_BOOL_CONVERSION = YES;
				CLANG_WARN_COMMA = YES;
				CLANG_WARN_CONSTANT_CONVERSION = YES;
				CLANG_WARN_DEPRECATED_OBJC_IMPLEMENTATIONS = YES;
				CLANG_WARN_DIRECT_OBJC_ISA_USAGE = YES_ERROR;
				CLANG_WARN_DOCUMENTATION_COMMENTS = YES;
				CLANG_WARN_EMPTY_BODY = YES;
				CLANG_WARN_ENUM_CONVERSION = YES;
				CLANG_WARN_INFINITE_RECURSION = YES;
				CLANG_WARN_INT_CONVERSION = YES;
				CLANG_WARN_NON_LITERAL_NULL_CONVERSION = YES;
				CLANG_WARN_OBJC_IMPLICIT_RETAIN_SELF = YES;
				CLANG_WARN_OBJC_LITERAL_CONVERSION = YES;
				CLANG_WARN_OBJC_ROOT_CLASS = YES_ERROR;
				CLANG_WARN_QUOTED_INCLUDE_IN_FRAMEWORK_HEADER = YES;
				CLANG_WARN_RANGE_LOOP_ANALYSIS = YES;
				CLANG_WARN_STRICT_PROTOTYPES = YES;
				CLANG_WARN_SUSPICIOUS_MOVE = YES;
				CLANG_WARN_UNGUARDED_AVAILABILITY = YES_AGGRESSIVE;
				CLANG_WARN_UNREACHABLE_CODE = YES;
				CLANG_WARN__DUPLICATE_METHOD_MATCH = YES;
				COPY_PHASE_STRIP = NO;
				DEBUG_INFORMATION_FORMAT = "dwarf-with-dsym";
				ENABLE_NS_ASSERTIONS = NO;
				ENABLE_STRICT_OBJC_MSGSEND = YES;
				GCC_C_LANGUAGE_STANDARD = gnu11;
				GCC_NO_COMMON_BLOCKS = YES;
				GCC_WARN_64_TO_32_BIT_CONVERSION = YES;
				GCC_WARN_ABOUT_RETURN_TYPE = YES_ERROR;
				GCC_WARN_UNDECLARED_SELECTOR = YES;
				GCC_WARN_UNINITIALIZED_AUTOS = YES_AGGRESSIVE;
				GCC_WARN_UNUSED_FUNCTION = YES;
				GCC_WARN_UNUSED_VARIABLE = YES;
				IPHONEOS_DEPLOYMENT_TARGET = 16.2;
				MTL_ENABLE_DEBUG_INFO = NO;
				MTL_FAST_MATH = YES;
				SDKROOT = iphoneos;
				SWIFT_COMPILATION_MODE = wholemodule;
				SWIFT_OPTIMIZATION_LEVEL = "-O";
				VALIDATE_PRODUCT = YES;
			};
			name = Release;
		};
		D071D64E2980B79F00DD7F10 /* Debug */ = {
			isa = XCBuildConfiguration;
			buildSettings = {
				ASSETCATALOG_COMPILER_APPICON_NAME = AppIcon;
				ASSETCATALOG_COMPILER_GLOBAL_ACCENT_COLOR_NAME = AccentColor;
				CODE_SIGN_STYLE = Automatic;
				CURRENT_PROJECT_VERSION = 1;
				DEVELOPMENT_ASSET_PATHS = "\"FormTrainer/Preview Content\"";
				DEVELOPMENT_TEAM = UK3QAQ2MSD;
				ENABLE_PREVIEWS = YES;
				GENERATE_INFOPLIST_FILE = YES;
				INFOPLIST_FILE = FormTrainer/Info.plist;
				INFOPLIST_KEY_CFBundleDisplayName = "";
				INFOPLIST_KEY_LSApplicationCategoryType = "";
				INFOPLIST_KEY_NSCameraUsageDescription = "このアプリではカメラを使用します";
				INFOPLIST_KEY_NSPhotoLibraryAddUsageDescription = "このアプリでは写真ライブラリを使用します";
				INFOPLIST_KEY_UIApplicationSceneManifest_Generation = YES;
				INFOPLIST_KEY_UIApplicationSupportsIndirectInputEvents = YES;
				INFOPLIST_KEY_UILaunchScreen_Generation = YES;
				INFOPLIST_KEY_UISupportedInterfaceOrientations_iPad = "UIInterfaceOrientationPortrait UIInterfaceOrientationPortraitUpsideDown UIInterfaceOrientationLandscapeLeft UIInterfaceOrientationLandscapeRight";
				INFOPLIST_KEY_UISupportedInterfaceOrientations_iPhone = UIInterfaceOrientationPortrait;
				INFOPLIST_KEY_UIUserInterfaceStyle = Dark;
				LD_RUNPATH_SEARCH_PATHS = (
					"$(inherited)",
					"@executable_path/Frameworks",
				);
				MARKETING_VERSION = 1.0;
				PRODUCT_BUNDLE_IDENTIFIER = jp.ac.jec.cm.FormTrainer;
				PRODUCT_NAME = "$(TARGET_NAME)";
				SWIFT_EMIT_LOC_STRINGS = YES;
				SWIFT_VERSION = 5.0;
				TARGETED_DEVICE_FAMILY = "1,2";
			};
			name = Debug;
		};
		D071D64F2980B79F00DD7F10 /* Release */ = {
			isa = XCBuildConfiguration;
			buildSettings = {
				ASSETCATALOG_COMPILER_APPICON_NAME = AppIcon;
				ASSETCATALOG_COMPILER_GLOBAL_ACCENT_COLOR_NAME = AccentColor;
				CODE_SIGN_STYLE = Automatic;
				CURRENT_PROJECT_VERSION = 1;
				DEVELOPMENT_ASSET_PATHS = "\"FormTrainer/Preview Content\"";
				DEVELOPMENT_TEAM = UK3QAQ2MSD;
				ENABLE_PREVIEWS = YES;
				GENERATE_INFOPLIST_FILE = YES;
				INFOPLIST_FILE = FormTrainer/Info.plist;
				INFOPLIST_KEY_CFBundleDisplayName = "";
				INFOPLIST_KEY_LSApplicationCategoryType = "";
				INFOPLIST_KEY_NSCameraUsageDescription = "このアプリではカメラを使用します";
				INFOPLIST_KEY_NSPhotoLibraryAddUsageDescription = "このアプリでは写真ライブラリを使用します";
				INFOPLIST_KEY_UIApplicationSceneManifest_Generation = YES;
				INFOPLIST_KEY_UIApplicationSupportsIndirectInputEvents = YES;
				INFOPLIST_KEY_UILaunchScreen_Generation = YES;
				INFOPLIST_KEY_UISupportedInterfaceOrientations_iPad = "UIInterfaceOrientationPortrait UIInterfaceOrientationPortraitUpsideDown UIInterfaceOrientationLandscapeLeft UIInterfaceOrientationLandscapeRight";
				INFOPLIST_KEY_UISupportedInterfaceOrientations_iPhone = UIInterfaceOrientationPortrait;
				INFOPLIST_KEY_UIUserInterfaceStyle = Dark;
				LD_RUNPATH_SEARCH_PATHS = (
					"$(inherited)",
					"@executable_path/Frameworks",
				);
				MARKETING_VERSION = 1.0;
				PRODUCT_BUNDLE_IDENTIFIER = jp.ac.jec.cm.FormTrainer;
				PRODUCT_NAME = "$(TARGET_NAME)";
				SWIFT_EMIT_LOC_STRINGS = YES;
				SWIFT_VERSION = 5.0;
				TARGETED_DEVICE_FAMILY = "1,2";
			};
			name = Release;
		};
/* End XCBuildConfiguration section */

/* Begin XCConfigurationList section */
		D071D63A2980B79F00DD7F10 /* Build configuration list for PBXProject "FormTrainer" */ = {
			isa = XCConfigurationList;
			buildConfigurations = (
				D071D64B2980B79F00DD7F10 /* Debug */,
				D071D64C2980B79F00DD7F10 /* Release */,
			);
			defaultConfigurationIsVisible = 0;
			defaultConfigurationName = Release;
		};
		D071D64D2980B79F00DD7F10 /* Build configuration list for PBXNativeTarget "FormTrainer" */ = {
			isa = XCConfigurationList;
			buildConfigurations = (
				D071D64E2980B79F00DD7F10 /* Debug */,
				D071D64F2980B79F00DD7F10 /* Release */,
			);
			defaultConfigurationIsVisible = 0;
			defaultConfigurationName = Release;
		};
/* End XCConfigurationList section */

/* Begin XCRemoteSwiftPackageReference section */
		D099AD112980C5FE00C0E625 /* XCRemoteSwiftPackageReference "firebase-ios-sdk" */ = {
			isa = XCRemoteSwiftPackageReference;
			repositoryURL = "https://github.com/firebase/firebase-ios-sdk";
			requirement = {
				kind = upToNextMajorVersion;
				minimumVersion = 9.0.0;
			};
		};
/* End XCRemoteSwiftPackageReference section */

/* Begin XCSwiftPackageProductDependency section */
		D099AD132980C67400C0E625 /* FirebaseAuth */ = {
			isa = XCSwiftPackageProductDependency;
			package = D099AD112980C5FE00C0E625 /* XCRemoteSwiftPackageReference "firebase-ios-sdk" */;
			productName = FirebaseAuth;
		};
		D099AD152980C67400C0E625 /* FirebaseFirestore */ = {
			isa = XCSwiftPackageProductDependency;
			package = D099AD112980C5FE00C0E625 /* XCRemoteSwiftPackageReference "firebase-ios-sdk" */;
			productName = FirebaseFirestore;
		};
		D099AD172980C67400C0E625 /* FirebaseFirestoreSwift */ = {
			isa = XCSwiftPackageProductDependency;
			package = D099AD112980C5FE00C0E625 /* XCRemoteSwiftPackageReference "firebase-ios-sdk" */;
			productName = FirebaseFirestoreSwift;
		};
		D099AD192980C67400C0E625 /* FirebaseStorage */ = {
			isa = XCSwiftPackageProductDependency;
			package = D099AD112980C5FE00C0E625 /* XCRemoteSwiftPackageReference "firebase-ios-sdk" */;
			productName = FirebaseStorage;
		};
/* End XCSwiftPackageProductDependency section */
	};
	rootObject = D071D6372980B79F00DD7F10 /* Project object */;
}
